
Microsoft Visual Studio Solution File, Format Version 12.00
# Visual Studio Version 17
VisualStudioVersion = 17.3.32825.248
MinimumVisualStudioVersion = 10.0.40219.1
Project("{FAE04EC0-301F-11D3-BF4B-00C04F79EFBC}") = "CalcService", "CalcService\CalcService.csproj", "{718EF434-0CD8-40B9-9995-456CE217CD2F}"
EndProject
Global
	GlobalSection(SolutionConfigurationPlatforms) = preSolution
		Debug|Any CPU = Debug|Any CPU
		Release|Any CPU = Release|Any CPU
	EndGlobalSection
	GlobalSection(ProjectConfigurationPlatforms) = postSolution
		{718EF434-0CD8-40B9-9995-456CE217CD2F}.Debug|Any CPU.ActiveCfg = Debug|Any CPU
		{718EF434-0CD8-40B9-9995-456CE217CD2F}.Debug|Any CPU.Build.0 = Debug|Any CPU
		{718EF434-0CD8-40B9-9995-456CE217CD2F}.Release|Any CPU.ActiveCfg = Release|Any CPU
		{718EF434-0CD8-40B9-9995-456CE217CD2F}.Release|Any CPU.Build.0 = Release|Any CPU
	EndGlobalSection
	GlobalSection(SolutionProperties) = preSolution
		HideSolutionNode = FALSE
	EndGlobalSection
	GlobalSection(ExtensibilityGlobals) = postSolution
		SolutionGuid = {FC1F4CCC-878A-4F17-9839-BD1E10BB9EB2}
	EndGlobalSection
EndGlobal
